
Microsoft Visual Studio Solution File, Format Version 12.00
# Visual Studio Version 16
VisualStudioVersion = 16.0.31613.86
MinimumVisualStudioVersion = 10.0.40219.1
Project("{FAE04EC0-301F-11D3-BF4B-00C04F79EFBC}") = "BT2008", "BT2008\BT2008.csproj", "{6C4EB6FA-3780-43E7-9227-C72F6FE5D041}"
EndProject
Global
	GlobalSection(SolutionConfigurationPlatforms) = preSolution
		Debug|Any CPU = Debug|Any CPU
		Release|Any CPU = Release|Any CPU
	EndGlobalSection
	GlobalSection(ProjectConfigurationPlatforms) = postSolution
		{6C4EB6FA-3780-43E7-9227-C72F6FE5D041}.Debug|Any CPU.ActiveCfg = Debug|Any CPU
		{6C4EB6FA-3780-43E7-9227-C72F6FE5D041}.Debug|Any CPU.Build.0 = Debug|Any CPU
		{6C4EB6FA-3780-43E7-9227-C72F6FE5D041}.Release|Any CPU.ActiveCfg = Release|Any CPU
		{6C4EB6FA-3780-43E7-9227-C72F6FE5D041}.Release|Any CPU.Build.0 = Release|Any CPU
	EndGlobalSection
	GlobalSection(SolutionProperties) = preSolution
		HideSolutionNode = FALSE
	EndGlobalSection
	GlobalSection(ExtensibilityGlobals) = postSolution
		SolutionGuid = {454DD496-D6D3-44B8-8BBC-78D891F29207}
	EndGlobalSection
EndGlobal
